
Microsoft Visual Studio Solution File, Format Version 12.00
# Visual Studio Version 16
VisualStudioVersion = 16.0.31605.320
MinimumVisualStudioVersion = 10.0.40219.1
Project("{FAE04EC0-301F-11D3-BF4B-00C04F79EFBC}") = "PickACardUI", "PickACardUI\PickACardUI.csproj", "{179EA459-7229-40B0-802B-4FAEAAA9FD54}"
EndProject
Global
	GlobalSection(SolutionConfigurationPlatforms) = preSolution
		Debug|Any CPU = Debug|Any CPU
		Release|Any CPU = Release|Any CPU
	EndGlobalSection
	GlobalSection(ProjectConfigurationPlatforms) = postSolution
		{179EA459-7229-40B0-802B-4FAEAAA9FD54}.Debug|Any CPU.ActiveCfg = Debug|Any CPU
		{179EA459-7229-40B0-802B-4FAEAAA9FD54}.Debug|Any CPU.Build.0 = Debug|Any CPU
		{179EA459-7229-40B0-802B-4FAEAAA9FD54}.Release|Any CPU.ActiveCfg = Release|Any CPU
		{179EA459-7229-40B0-802B-4FAEAAA9FD54}.Release|Any CPU.Build.0 = Release|Any CPU
	EndGlobalSection
	GlobalSection(SolutionProperties) = preSolution
		HideSolutionNode = FALSE
	EndGlobalSection
	GlobalSection(ExtensibilityGlobals) = postSolution
		SolutionGuid = {68B327C2-DEDA-4923-940B-051D0CDB1335}
	EndGlobalSection
EndGlobal
